
Microsoft Visual Studio Solution File, Format Version 12.00
# Visual Studio Version 17
VisualStudioVersion = 17.5.002.0
MinimumVisualStudioVersion = 10.0.40219.1
Project("{9A19103F-16F7-4668-BE54-9A1E7A4F7556}") = "Gissningsspel", "Gissningsspel.csproj", "{837F3444-0649-42B4-81D9-B928B473252E}"
EndProject
Global
	GlobalSection(SolutionConfigurationPlatforms) = preSolution
		Debug|Any CPU = Debug|Any CPU
		Release|Any CPU = Release|Any CPU
	EndGlobalSection
	GlobalSection(ProjectConfigurationPlatforms) = postSolution
		{837F3444-0649-42B4-81D9-B928B473252E}.Debug|Any CPU.ActiveCfg = Debug|Any CPU
		{837F3444-0649-42B4-81D9-B928B473252E}.Debug|Any CPU.Build.0 = Debug|Any CPU
		{837F3444-0649-42B4-81D9-B928B473252E}.Release|Any CPU.ActiveCfg = Release|Any CPU
		{837F3444-0649-42B4-81D9-B928B473252E}.Release|Any CPU.Build.0 = Release|Any CPU
	EndGlobalSection
	GlobalSection(SolutionProperties) = preSolution
		HideSolutionNode = FALSE
	EndGlobalSection
	GlobalSection(ExtensibilityGlobals) = postSolution
		SolutionGuid = {BC6FD589-C2EF-4A78-A610-3B96203D099B}
	EndGlobalSection
EndGlobal
